
Microsoft Visual Studio Solution File, Format Version 12.00
# Visual Studio Version 16
VisualStudioVersion = 16.0.30709.64
MinimumVisualStudioVersion = 10.0.40219.1
Project("{9A19103F-16F7-4668-BE54-9A1E7A4F7556}") = "Impostor.Api", "Impostor.Api\Impostor.Api.csproj", "{06FC8486-65BB-4C05-8447-1F200B455FE0}"
EndProject
Project("{9A19103F-16F7-4668-BE54-9A1E7A4F7556}") = "Impostor.Hazel", "Impostor.Hazel\Impostor.Hazel.csproj", "{AFA2B252-EF05-4D0B-AA54-F86301961172}"
EndProject
Project("{9A19103F-16F7-4668-BE54-9A1E7A4F7556}") = "Impostor.Server", "Impostor.Server\Impostor.Server.csproj", "{519A389C-1DB3-4EDE-8DE4-2A81E520BB54}"
EndProject
Project("{9A19103F-16F7-4668-BE54-9A1E7A4F7556}") = "FreezeTag", "FreezeTag\FreezeTag.csproj", "{D29046D4-30FA-4EB2-A5EE-8E2341926860}"
EndProject
Global
	GlobalSection(SolutionConfigurationPlatforms) = preSolution
		Debug|Any CPU = Debug|Any CPU
		Release|Any CPU = Release|Any CPU
	EndGlobalSection
	GlobalSection(ProjectConfigurationPlatforms) = postSolution
		{06FC8486-65BB-4C05-8447-1F200B455FE0}.Debug|Any CPU.ActiveCfg = Debug|Any CPU
		{06FC8486-65BB-4C05-8447-1F200B455FE0}.Debug|Any CPU.Build.0 = Debug|Any CPU
		{06FC8486-65BB-4C05-8447-1F200B455FE0}.Release|Any CPU.ActiveCfg = Release|Any CPU
		{06FC8486-65BB-4C05-8447-1F200B455FE0}.Release|Any CPU.Build.0 = Release|Any CPU
		{AFA2B252-EF05-4D0B-AA54-F86301961172}.Debug|Any CPU.ActiveCfg = Debug|Any CPU
		{AFA2B252-EF05-4D0B-AA54-F86301961172}.Debug|Any CPU.Build.0 = Debug|Any CPU
		{AFA2B252-EF05-4D0B-AA54-F86301961172}.Release|Any CPU.ActiveCfg = Release|Any CPU
		{AFA2B252-EF05-4D0B-AA54-F86301961172}.Release|Any CPU.Build.0 = Release|Any CPU
		{519A389C-1DB3-4EDE-8DE4-2A81E520BB54}.Debug|Any CPU.ActiveCfg = Debug|Any CPU
		{519A389C-1DB3-4EDE-8DE4-2A81E520BB54}.Debug|Any CPU.Build.0 = Debug|Any CPU
		{519A389C-1DB3-4EDE-8DE4-2A81E520BB54}.Release|Any CPU.ActiveCfg = Release|Any CPU
		{519A389C-1DB3-4EDE-8DE4-2A81E520BB54}.Release|Any CPU.Build.0 = Release|Any CPU
		{D29046D4-30FA-4EB2-A5EE-8E2341926860}.Debug|Any CPU.ActiveCfg = Debug|Any CPU
		{D29046D4-30FA-4EB2-A5EE-8E2341926860}.Debug|Any CPU.Build.0 = Debug|Any CPU
		{D29046D4-30FA-4EB2-A5EE-8E2341926860}.Release|Any CPU.ActiveCfg = Release|Any CPU
		{D29046D4-30FA-4EB2-A5EE-8E2341926860}.Release|Any CPU.Build.0 = Release|Any CPU
	EndGlobalSection
	GlobalSection(SolutionProperties) = preSolution
		HideSolutionNode = FALSE
	EndGlobalSection
	GlobalSection(ExtensibilityGlobals) = postSolution
		SolutionGuid = {F94B867F-DDD6-48B7-8B05-222F58428B80}
	EndGlobalSection
EndGlobal
